
Microsoft Visual Studio Solution File, Format Version 12.00
# Visual Studio Version 16
VisualStudioVersion = 16.0.28407.52
MinimumVisualStudioVersion = 10.0.40219.1
Project("{9A19103F-16F7-4668-BE54-9A1E7A4F7556}") = "CoreLibDotCore", "CoreLibDotCore\CoreLibDotCore.csproj", "{91DF1BC2-7134-4BF5-9A66-9E53478772DE}"
EndProject
Project("{FAE04EC0-301F-11D3-BF4B-00C04F79EFBC}") = "CoreLibFrame4", "CoreLibFrame4\CoreLibFrame4.csproj", "{A8A1F698-5D62-42E8-84D5-5A4C9F238BE8}"
EndProject
Project("{2150E333-8FDC-42A3-9474-1A3956D46DE8}") = "Test", "Test", "{2B935EC2-624B-4E97-9FE0-B973CDB3D074}"
EndProject
Project("{9A19103F-16F7-4668-BE54-9A1E7A4F7556}") = "DotNetTest", "DotNetTest\DotNetTest.csproj", "{55F088C9-1F75-4E64-87C7-9E055D0A3280}"
EndProject
Project("{FAE04EC0-301F-11D3-BF4B-00C04F79EFBC}") = "CoreLibFrame45", "CoreLibFrame45\CoreLibFrame45.csproj", "{4E349168-0326-4841-BC21-FC03073707DE}"
EndProject
Global
	GlobalSection(SolutionConfigurationPlatforms) = preSolution
		Debug|Any CPU = Debug|Any CPU
		Release|Any CPU = Release|Any CPU
	EndGlobalSection
	GlobalSection(ProjectConfigurationPlatforms) = postSolution
		{91DF1BC2-7134-4BF5-9A66-9E53478772DE}.Debug|Any CPU.ActiveCfg = Debug|Any CPU
		{91DF1BC2-7134-4BF5-9A66-9E53478772DE}.Debug|Any CPU.Build.0 = Debug|Any CPU
		{91DF1BC2-7134-4BF5-9A66-9E53478772DE}.Release|Any CPU.ActiveCfg = Release|Any CPU
		{91DF1BC2-7134-4BF5-9A66-9E53478772DE}.Release|Any CPU.Build.0 = Release|Any CPU
		{A8A1F698-5D62-42E8-84D5-5A4C9F238BE8}.Debug|Any CPU.ActiveCfg = Debug|Any CPU
		{A8A1F698-5D62-42E8-84D5-5A4C9F238BE8}.Debug|Any CPU.Build.0 = Debug|Any CPU
		{A8A1F698-5D62-42E8-84D5-5A4C9F238BE8}.Release|Any CPU.ActiveCfg = Release|Any CPU
		{A8A1F698-5D62-42E8-84D5-5A4C9F238BE8}.Release|Any CPU.Build.0 = Release|Any CPU
		{55F088C9-1F75-4E64-87C7-9E055D0A3280}.Debug|Any CPU.ActiveCfg = Debug|Any CPU
		{55F088C9-1F75-4E64-87C7-9E055D0A3280}.Debug|Any CPU.Build.0 = Debug|Any CPU
		{55F088C9-1F75-4E64-87C7-9E055D0A3280}.Release|Any CPU.ActiveCfg = Release|Any CPU
		{55F088C9-1F75-4E64-87C7-9E055D0A3280}.Release|Any CPU.Build.0 = Release|Any CPU
		{4E349168-0326-4841-BC21-FC03073707DE}.Debug|Any CPU.ActiveCfg = Debug|Any CPU
		{4E349168-0326-4841-BC21-FC03073707DE}.Debug|Any CPU.Build.0 = Debug|Any CPU
		{4E349168-0326-4841-BC21-FC03073707DE}.Release|Any CPU.ActiveCfg = Release|Any CPU
		{4E349168-0326-4841-BC21-FC03073707DE}.Release|Any CPU.Build.0 = Release|Any CPU
	EndGlobalSection
	GlobalSection(SolutionProperties) = preSolution
		HideSolutionNode = FALSE
	EndGlobalSection
	GlobalSection(NestedProjects) = preSolution
		{55F088C9-1F75-4E64-87C7-9E055D0A3280} = {2B935EC2-624B-4E97-9FE0-B973CDB3D074}
	EndGlobalSection
	GlobalSection(ExtensibilityGlobals) = postSolution
		SolutionGuid = {3C4E387B-7BFB-425B-9032-645DAA15CB5D}
	EndGlobalSection
EndGlobal
